
Microsoft Visual Studio Solution File, Format Version 12.00
# Visual Studio Version 17
VisualStudioVersion = 17.3.32811.315
MinimumVisualStudioVersion = 10.0.40219.1
Project("{FAE04EC0-301F-11D3-BF4B-00C04F79EFBC}") = "Aula_Revisão", "Aula_Revisão\Aula_Revisão.csproj", "{45DA676E-8657-4486-BCDA-220C42FFACBC}"
EndProject
Global
	GlobalSection(SolutionConfigurationPlatforms) = preSolution
		Debug|Any CPU = Debug|Any CPU
		Release|Any CPU = Release|Any CPU
	EndGlobalSection
	GlobalSection(ProjectConfigurationPlatforms) = postSolution
		{45DA676E-8657-4486-BCDA-220C42FFACBC}.Debug|Any CPU.ActiveCfg = Debug|Any CPU
		{45DA676E-8657-4486-BCDA-220C42FFACBC}.Debug|Any CPU.Build.0 = Debug|Any CPU
		{45DA676E-8657-4486-BCDA-220C42FFACBC}.Release|Any CPU.ActiveCfg = Release|Any CPU
		{45DA676E-8657-4486-BCDA-220C42FFACBC}.Release|Any CPU.Build.0 = Release|Any CPU
	EndGlobalSection
	GlobalSection(SolutionProperties) = preSolution
		HideSolutionNode = FALSE
	EndGlobalSection
	GlobalSection(ExtensibilityGlobals) = postSolution
		SolutionGuid = {8FA7318D-8D74-4F91-82DF-F768700DDEA7}
	EndGlobalSection
EndGlobal
